// !$*UTF8*$!
{
	archiveVersion = 1;
	classes = {
	};
	objectVersion = 50;
	objects = {

/* Begin PBXBuildFile section */
		D826E8FE237EB2E100896777 /* AppDelegate.swift in Sources */ = {isa = PBXBuildFile; fileRef = D826E8FD237EB2E100896777 /* AppDelegate.swift */; };
		D826E904237EB2E600896777 /* Assets.xcassets in Resources */ = {isa = PBXBuildFile; fileRef = D826E903237EB2E600896777 /* Assets.xcassets */; };
		D826E907237EB2E600896777 /* Preview Assets.xcassets in Resources */ = {isa = PBXBuildFile; fileRef = D826E906237EB2E600896777 /* Preview Assets.xcassets */; };
		D826E90A237EB2E600896777 /* LaunchScreen.storyboard in Resources */ = {isa = PBXBuildFile; fileRef = D826E908237EB2E600896777 /* LaunchScreen.storyboard */; };
		D826E912237EB59500896777 /* Main.storyboard in Resources */ = {isa = PBXBuildFile; fileRef = D826E911237EB59500896777 /* Main.storyboard */; };
		D826E9162389CC2A00896777 /* ThirstySoftRegular.otf in Resources */ = {isa = PBXBuildFile; fileRef = D826E9152389CC2A00896777 /* ThirstySoftRegular.otf */; };
		D826E9182389CC4500896777 /* Delm-Medium.otf in Resources */ = {isa = PBXBuildFile; fileRef = D826E9172389CC4500896777 /* Delm-Medium.otf */; };
		D8A213E523E9EC670070C6BA /* Layout.swift in Sources */ = {isa = PBXBuildFile; fileRef = D8A213E423E9EC670070C6BA /* Layout.swift */; };
		D8A213ED23EB53030070C6BA /* HelperExtension.swift in Sources */ = {isa = PBXBuildFile; fileRef = D8A213EC23EB53030070C6BA /* HelperExtension.swift */; };
		D8B02232238BF1FC006503F4 /* InstagridViewController.swift in Sources */ = {isa = PBXBuildFile; fileRef = D8B02231238BF1FC006503F4 /* InstagridViewController.swift */; };
/* End PBXBuildFile section */

/* Begin PBXFileReference section */
		D826E8FA237EB2E100896777 /* Instagrid.app */ = {isa = PBXFileReference; explicitFileType = wrapper.application; includeInIndex = 0; path = Instagrid.app; sourceTree = BUILT_PRODUCTS_DIR; };
		D826E8FD237EB2E100896777 /* AppDelegate.swift */ = {isa = PBXFileReference; lastKnownFileType = sourcecode.swift; path = AppDelegate.swift; sourceTree = "<group>"; };
		D826E903237EB2E600896777 /* Assets.xcassets */ = {isa = PBXFileReference; lastKnownFileType = folder.assetcatalog; path = Assets.xcassets; sourceTree = "<group>"; };
		D826E906237EB2E600896777 /* Preview Assets.xcassets */ = {isa = PBXFileReference; lastKnownFileType = folder.assetcatalog; path = "Preview Assets.xcassets"; sourceTree = "<group>"; };
		D826E909237EB2E600896777 /* Base */ = {isa = PBXFileReference; lastKnownFileType = file.storyboard; name = Base; path = Base.lproj/LaunchScreen.storyboard; sourceTree = "<group>"; };
		D826E90B237EB2E600896777 /* Info.plist */ = {isa = PBXFileReference; lastKnownFileType = text.plist.xml; path = Info.plist; sourceTree = "<group>"; };
		D826E911237EB59500896777 /* Main.storyboard */ = {isa = PBXFileReference; lastKnownFileType = file.storyboard; path = Main.storyboard; sourceTree = "<group>"; };
		D826E9152389CC2A00896777 /* ThirstySoftRegular.otf */ = {isa = PBXFileReference; lastKnownFileType = file; path = ThirstySoftRegular.otf; sourceTree = "<group>"; };
		D826E9172389CC4500896777 /* Delm-Medium.otf */ = {isa = PBXFileReference; lastKnownFileType = file; path = "Delm-Medium.otf"; sourceTree = "<group>"; };
		D8A213E423E9EC670070C6BA /* Layout.swift */ = {isa = PBXFileReference; lastKnownFileType = sourcecode.swift; path = Layout.swift; sourceTree = "<group>"; };
		D8A213EC23EB53030070C6BA /* HelperExtension.swift */ = {isa = PBXFileReference; lastKnownFileType = sourcecode.swift; path = HelperExtension.swift; sourceTree = "<group>"; };
		D8B02231238BF1FC006503F4 /* InstagridViewController.swift */ = {isa = PBXFileReference; lastKnownFileType = sourcecode.swift; path = InstagridViewController.swift; sourceTree = "<group>"; };
/* End PBXFileReference section */

/* Begin PBXFrameworksBuildPhase section */
		D826E8F7237EB2E100896777 /* Frameworks */ = {
			isa = PBXFrameworksBuildPhase;
			buildActionMask = 2147483647;
			files = (
			);
			runOnlyForDeploymentPostprocessing = 0;
		};
/* End PBXFrameworksBuildPhase section */

/* Begin PBXGroup section */
		D826E8F1237EB2E100896777 = {
			isa = PBXGroup;
			children = (
				D826E8FC237EB2E100896777 /* Instagrid */,
				D826E8FB237EB2E100896777 /* Products */,
			);
			sourceTree = "<group>";
		};
		D826E8FB237EB2E100896777 /* Products */ = {
			isa = PBXGroup;
			children = (
				D826E8FA237EB2E100896777 /* Instagrid.app */,
			);
			name = Products;
			sourceTree = "<group>";
		};
		D826E8FC237EB2E100896777 /* Instagrid */ = {
			isa = PBXGroup;
			children = (
				D8A213EB23EB466C0070C6BA /* Ressources */,
				D8A213EA23EB465C0070C6BA /* Controller */,
				D8A213E923EB46520070C6BA /* View */,
				D8A213E823EB46480070C6BA /* Model */,
				D826E8FD237EB2E100896777 /* AppDelegate.swift */,
				D826E903237EB2E600896777 /* Assets.xcassets */,
				D826E90B237EB2E600896777 /* Info.plist */,
				D826E905237EB2E600896777 /* Preview Content */,
			);
			path = Instagrid;
			sourceTree = "<group>";
		};
		D826E905237EB2E600896777 /* Preview Content */ = {
			isa = PBXGroup;
			children = (
				D826E906237EB2E600896777 /* Preview Assets.xcassets */,
			);
			path = "Preview Content";
			sourceTree = "<group>";
		};
		D8A213E823EB46480070C6BA /* Model */ = {
			isa = PBXGroup;
			children = (
				D8A213E423E9EC670070C6BA /* Layout.swift */,
			);
			path = Model;
			sourceTree = "<group>";
		};
		D8A213E923EB46520070C6BA /* View */ = {
			isa = PBXGroup;
			children = (
				D826E911237EB59500896777 /* Main.storyboard */,
				D826E908237EB2E600896777 /* LaunchScreen.storyboard */,
			);
			path = View;
			sourceTree = "<group>";
		};
		D8A213EA23EB465C0070C6BA /* Controller */ = {
			isa = PBXGroup;
			children = (
				D8B02231238BF1FC006503F4 /* InstagridViewController.swift */,
				D8A213EC23EB53030070C6BA /* HelperExtension.swift */,
			);
			path = Controller;
			sourceTree = "<group>";
		};
		D8A213EB23EB466C0070C6BA /* Ressources */ = {
			isa = PBXGroup;
			children = (
				D826E9152389CC2A00896777 /* ThirstySoftRegular.otf */,
				D826E9172389CC4500896777 /* Delm-Medium.otf */,
			);
			path = Ressources;
			sourceTree = "<group>";
		};
/* End PBXGroup section */

/* Begin PBXNativeTarget section */
		D826E8F9237EB2E100896777 /* Instagrid */ = {
			isa = PBXNativeTarget;
			buildConfigurationList = D826E90E237EB2E600896777 /* Build configuration list for PBXNativeTarget "Instagrid" */;
			buildPhases = (
				D826E8F6237EB2E100896777 /* Sources */,
				D826E8F7237EB2E100896777 /* Frameworks */,
				D826E8F8237EB2E100896777 /* Resources */,
				D8A213EE23F2D2010070C6BA /* ShellScript */,
			);
			buildRules = (
			);
			dependencies = (
			);
			name = Instagrid;
			productName = Instagrid;
			productReference = D826E8FA237EB2E100896777 /* Instagrid.app */;
			productType = "com.apple.product-type.application";
		};
/* End PBXNativeTarget section */

/* Begin PBXProject section */
		D826E8F2237EB2E100896777 /* Project object */ = {
			isa = PBXProject;
			attributes = {
				LastSwiftUpdateCheck = 1110;
				LastUpgradeCheck = 1110;
				ORGANIZATIONNAME = Nathan;
				TargetAttributes = {
					D826E8F9237EB2E100896777 = {
						CreatedOnToolsVersion = 11.1;
					};
				};
			};
			buildConfigurationList = D826E8F5237EB2E100896777 /* Build configuration list for PBXProject "Instagrid" */;
			compatibilityVersion = "Xcode 9.3";
			developmentRegion = en;
			hasScannedForEncodings = 0;
			knownRegions = (
				en,
				Base,
			);
			mainGroup = D826E8F1237EB2E100896777;
			productRefGroup = D826E8FB237EB2E100896777 /* Products */;
			projectDirPath = "";
			projectRoot = "";
			targets = (
				D826E8F9237EB2E100896777 /* Instagrid */,
			);
		};
/* End PBXProject section */

/* Begin PBXResourcesBuildPhase section */
		D826E8F8237EB2E100896777 /* Resources */ = {
			isa = PBXResourcesBuildPhase;
			buildActionMask = 2147483647;
			files = (
				D826E9162389CC2A00896777 /* ThirstySoftRegular.otf in Resources */,
				D826E90A237EB2E600896777 /* LaunchScreen.storyboard in Resources */,
				D826E9182389CC4500896777 /* Delm-Medium.otf in Resources */,
				D826E907237EB2E600896777 /* Preview Assets.xcassets in Resources */,
				D826E904237EB2E600896777 /* Assets.xcassets in Resources */,
				D826E912237EB59500896777 /* Main.storyboard in Resources */,
			);
			runOnlyForDeploymentPostprocessing = 0;
		};
/* End PBXResourcesBuildPhase section */

/* Begin PBXShellScriptBuildPhase section */
		D8A213EE23F2D2010070C6BA /* ShellScript */ = {
			isa = PBXShellScriptBuildPhase;
			buildActionMask = 2147483647;
			files = (
			);
			inputFileListPaths = (
			);
			inputPaths = (
			);
			outputFileListPaths = (
			);
			outputPaths = (
			);
			runOnlyForDeploymentPostprocessing = 0;
			shellPath = /bin/sh;
			shellScript = "if which swiftlint >/dev/null; then\n    swiftlint\nelse\n    echo \"warning: SwiftLint not installed, download from https://github.com/realm/SwiftLint\"\nfi\n";
		};
/* End PBXShellScriptBuildPhase section */

/* Begin PBXSourcesBuildPhase section */
		D826E8F6237EB2E100896777 /* Sources */ = {
			isa = PBXSourcesBuildPhase;
			buildActionMask = 2147483647;
			files = (
				D8A213E523E9EC670070C6BA /* Layout.swift in Sources */,
				D8A213ED23EB53030070C6BA /* HelperExtension.swift in Sources */,
				D8B02232238BF1FC006503F4 /* InstagridViewController.swift in Sources */,
				D826E8FE237EB2E100896777 /* AppDelegate.swift in Sources */,
			);
			runOnlyForDeploymentPostprocessing = 0;
		};
/* End PBXSourcesBuildPhase section */

/* Begin PBXVariantGroup section */
		D826E908237EB2E600896777 /* LaunchScreen.storyboard */ = {
			isa = PBXVariantGroup;
			children = (
				D826E909237EB2E600896777 /* Base */,
			);
			name = LaunchScreen.storyboard;
			sourceTree = "<group>";
		};
/* End PBXVariantGroup section */

/* Begin XCBuildConfiguration section */
		D826E90C237EB2E600896777 /* Debug */ = {
			isa = XCBuildConfiguration;
			buildSettings = {
				ALWAYS_SEARCH_USER_PATHS = NO;
				CLANG_ANALYZER_NONNULL = YES;
				CLANG_ANALYZER_NUMBER_OBJECT_CONVERSION = YES_AGGRESSIVE;
				CLANG_CXX_LANGUAGE_STANDARD = "gnu++14";
				CLANG_CXX_LIBRARY = "libc++";
				CLANG_ENABLE_MODULES = YES;
				CLANG_ENABLE_OBJC_ARC = YES;
				CLANG_ENABLE_OBJC_WEAK = YES;
				CLANG_WARN_BLOCK_CAPTURE_AUTORELEASING = YES;
				CLANG_WARN_BOOL_CONVERSION = YES;
				CLANG_WARN_COMMA = YES;
				CLANG_WARN_CONSTANT_CONVERSION = YES;
				CLANG_WARN_DEPRECATED_OBJC_IMPLEMENTATIONS = YES;
				CLANG_WARN_DIRECT_OBJC_ISA_USAGE = YES_ERROR;
				CLANG_WARN_DOCUMENTATION_COMMENTS = YES;
				CLANG_WARN_EMPTY_BODY = YES;
				CLANG_WARN_ENUM_CONVERSION = YES;
				CLANG_WARN_INFINITE_RECURSION = YES;
				CLANG_WARN_INT_CONVERSION = YES;
				CLANG_WARN_NON_LITERAL_NULL_CONVERSION = YES;
				CLANG_WARN_OBJC_IMPLICIT_RETAIN_SELF = YES;
				CLANG_WARN_OBJC_LITERAL_CONVERSION = YES;
				CLANG_WARN_OBJC_ROOT_CLASS = YES_ERROR;
				CLANG_WARN_RANGE_LOOP_ANALYSIS = YES;
				CLANG_WARN_STRICT_PROTOTYPES = YES;
				CLANG_WARN_SUSPICIOUS_MOVE = YES;
				CLANG_WARN_UNGUARDED_AVAILABILITY = YES_AGGRESSIVE;
				CLANG_WARN_UNREACHABLE_CODE = YES;
				CLANG_WARN__DUPLICATE_METHOD_MATCH = YES;
				COPY_PHASE_STRIP = NO;
				DEBUG_INFORMATION_FORMAT = dwarf;
				ENABLE_STRICT_OBJC_MSGSEND = YES;
				ENABLE_TESTABILITY = YES;
				GCC_C_LANGUAGE_STANDARD = gnu11;
				GCC_DYNAMIC_NO_PIC = NO;
				GCC_NO_COMMON_BLOCKS = YES;
				GCC_OPTIMIZATION_LEVEL = 0;
				GCC_PREPROCESSOR_DEFINITIONS = (
					"DEBUG=1",
					"$(inherited)",
				);
				GCC_WARN_64_TO_32_BIT_CONVERSION = YES;
				GCC_WARN_ABOUT_RETURN_TYPE = YES_ERROR;
				GCC_WARN_UNDECLARED_SELECTOR = YES;
				GCC_WARN_UNINITIALIZED_AUTOS = YES_AGGRESSIVE;
				GCC_WARN_UNUSED_FUNCTION = YES;
				GCC_WARN_UNUSED_VARIABLE = YES;
				IPHONEOS_DEPLOYMENT_TARGET = 13.1;
				MTL_ENABLE_DEBUG_INFO = INCLUDE_SOURCE;
				MTL_FAST_MATH = YES;
				ONLY_ACTIVE_ARCH = YES;
				SDKROOT = iphoneos;
				SWIFT_ACTIVE_COMPILATION_CONDITIONS = DEBUG;
				SWIFT_OPTIMIZATION_LEVEL = "-Onone";
			};
			name = Debug;
		};
		D826E90D237EB2E600896777 /* Release */ = {
			isa = XCBuildConfiguration;
			buildSettings = {
				ALWAYS_SEARCH_USER_PATHS = NO;
				CLANG_ANALYZER_NONNULL = YES;
				CLANG_ANALYZER_NUMBER_OBJECT_CONVERSION = YES_AGGRESSIVE;
				CLANG_CXX_LANGUAGE_STANDARD = "gnu++14";
				CLANG_CXX_LIBRARY = "libc++";
				CLANG_ENABLE_MODULES = YES;
				CLANG_ENABLE_OBJC_ARC = YES;
				CLANG_ENABLE_OBJC_WEAK = YES;
				CLANG_WARN_BLOCK_CAPTURE_AUTORELEASING = YES;
				CLANG_WARN_BOOL_CONVERSION = YES;
				CLANG_WARN_COMMA = YES;
				CLANG_WARN_CONSTANT_CONVERSION = YES;
				CLANG_WARN_DEPRECATED_OBJC_IMPLEMENTATIONS = YES;
				CLANG_WARN_DIRECT_OBJC_ISA_USAGE = YES_ERROR;
				CLANG_WARN_DOCUMENTATION_COMMENTS = YES;
				CLANG_WARN_EMPTY_BODY = YES;
				CLANG_WARN_ENUM_CONVERSION = YES;
				CLANG_WARN_INFINITE_RECURSION = YES;
				CLANG_WARN_INT_CONVERSION = YES;
				CLANG_WARN_NON_LITERAL_NULL_CONVERSION = YES;
				CLANG_WARN_OBJC_IMPLICIT_RETAIN_SELF = YES;
				CLANG_WARN_OBJC_LITERAL_CONVERSION = YES;
				CLANG_WARN_OBJC_ROOT_CLASS = YES_ERROR;
				CLANG_WARN_RANGE_LOOP_ANALYSIS = YES;
				CLANG_WARN_STRICT_PROTOTYPES = YES;
				CLANG_WARN_SUSPICIOUS_MOVE = YES;
				CLANG_WARN_UNGUARDED_AVAILABILITY = YES_AGGRESSIVE;
				CLANG_WARN_UNREACHABLE_CODE = YES;
				CLANG_WARN__DUPLICATE_METHOD_MATCH = YES;
				COPY_PHASE_STRIP = NO;
				DEBUG_INFORMATION_FORMAT = "dwarf-with-dsym";
				ENABLE_NS_ASSERTIONS = NO;
				ENABLE_STRICT_OBJC_MSGSEND = YES;
				GCC_C_LANGUAGE_STANDARD = gnu11;
				GCC_NO_COMMON_BLOCKS = YES;
				GCC_WARN_64_TO_32_BIT_CONVERSION = YES;
				GCC_WARN_ABOUT_RETURN_TYPE = YES_ERROR;
				GCC_WARN_UNDECLARED_SELECTOR = YES;
				GCC_WARN_UNINITIALIZED_AUTOS = YES_AGGRESSIVE;
				GCC_WARN_UNUSED_FUNCTION = YES;
				GCC_WARN_UNUSED_VARIABLE = YES;
				IPHONEOS_DEPLOYMENT_TARGET = 13.1;
				MTL_ENABLE_DEBUG_INFO = NO;
				MTL_FAST_MATH = YES;
				SDKROOT = iphoneos;
				SWIFT_COMPILATION_MODE = wholemodule;
				SWIFT_OPTIMIZATION_LEVEL = "-O";
				VALIDATE_PRODUCT = YES;
			};
			name = Release;
		};
		D826E90F237EB2E600896777 /* Debug */ = {
			isa = XCBuildConfiguration;
			buildSettings = {
				ASSETCATALOG_COMPILER_APPICON_NAME = AppIcon;
				CODE_SIGN_STYLE = Automatic;
				DEVELOPMENT_ASSET_PATHS = "\"Instagrid/Preview Content\"";
				DEVELOPMENT_TEAM = LV6V24R5F5;
				ENABLE_PREVIEWS = YES;
				INFOPLIST_FILE = Instagrid/Info.plist;
				IPHONEOS_DEPLOYMENT_TARGET = 11.0;
				LD_RUNPATH_SEARCH_PATHS = (
					"$(inherited)",
					"@executable_path/Frameworks",
				);
				PRODUCT_BUNDLE_IDENTIFIER = "Nathan-.Instagrid";
				PRODUCT_NAME = "$(TARGET_NAME)";
				SWIFT_VERSION = 5.0;
				TARGETED_DEVICE_FAMILY = 1;
			};
			name = Debug;
		};
		D826E910237EB2E600896777 /* Release */ = {
			isa = XCBuildConfiguration;
			buildSettings = {
				ASSETCATALOG_COMPILER_APPICON_NAME = AppIcon;
				CODE_SIGN_STYLE = Automatic;
				DEVELOPMENT_ASSET_PATHS = "\"Instagrid/Preview Content\"";
				DEVELOPMENT_TEAM = LV6V24R5F5;
				ENABLE_PREVIEWS = YES;
				INFOPLIST_FILE = Instagrid/Info.plist;
				IPHONEOS_DEPLOYMENT_TARGET = 11.0;
				LD_RUNPATH_SEARCH_PATHS = (
					"$(inherited)",
					"@executable_path/Frameworks",
				);
				PRODUCT_BUNDLE_IDENTIFIER = "Nathan-.Instagrid";
				PRODUCT_NAME = "$(TARGET_NAME)";
				SWIFT_VERSION = 5.0;
				TARGETED_DEVICE_FAMILY = 1;
			};
			name = Release;
		};
/* End XCBuildConfiguration section */

/* Begin XCConfigurationList section */
		D826E8F5237EB2E100896777 /* Build configuration list for PBXProject "Instagrid" */ = {
			isa = XCConfigurationList;
			buildConfigurations = (
				D826E90C237EB2E600896777 /* Debug */,
				D826E90D237EB2E600896777 /* Release */,
			);
			defaultConfigurationIsVisible = 0;
			defaultConfigurationName = Release;
		};
		D826E90E237EB2E600896777 /* Build configuration list for PBXNativeTarget "Instagrid" */ = {
			isa = XCConfigurationList;
			buildConfigurations = (
				D826E90F237EB2E600896777 /* Debug */,
				D826E910237EB2E600896777 /* Release */,
			);
			defaultConfigurationIsVisible = 0;
			defaultConfigurationName = Release;
		};
/* End XCConfigurationList section */
	};
	rootObject = D826E8F2237EB2E100896777 /* Project object */;
}
